{
  "name": "personal-toolkit-for-ynab",
  "version": "1.0.0",
  "lockfileVersion": 3,
  "requires": true,
  "packages": {
    "": {
      "name": "personal-toolkit-for-ynab",
      "version": "1.0.0",
      "dependencies": {
        "@rails/ujs": "^7.1.3-4",
        "highcharts": "^11.4.6",
        "jquery": "^3.7.1"
      }
    },
    "node_modules/@rails/ujs": {
      "version": "7.1.3-4",
      "resolved": "https://registry.npmjs.org/@rails/ujs/-/ujs-7.1.3-4.tgz",
      "integrity": "sha512-z0ckI5jrAJfImcObjMT1RBz2IxH6I5q6ZTMFex6AfxSQKZuuL8JxAXvg2CvBuodGCxKvybFVolDyMHXlBLeYAA=="
    },
    "node_modules/highcharts": {
      "version": "11.4.6",
      "resolved": "https://registry.npmjs.org/highcharts/-/highcharts-11.4.6.tgz",
      "integrity": "sha512-ntFZ053giEEquAxza+HlOWiLQyCLOjQ3M3EV4r6LoSNKS/fz2S0EKGl8G7Jls9EaYmdAHecB/vL4hGI2J1Ud9g=="
    },
    "node_modules/jquery": {
      "version": "3.7.1",
      "resolved": "https://registry.npmjs.org/jquery/-/jquery-3.7.1.tgz",
      "integrity": "sha512-m4avr8yL8kmFN8psrbFFFmB/If14iN5o9nw/NgnnM+kybDJpRsAynV2BsfpTYrTRysYUdADVD7CkUUizgkpLfg=="
    }
  }
}
